
Microsoft Visual Studio Solution File, Format Version 12.00
# Visual Studio 15
Project("{FAE04EC0-301F-11D3-BF4B-00C04F79EFBC}") = "Oculus.Platform", "Oculus.Platform.csproj", "{C332614B-197D-C086-142A-DFAC351837CC}"
EndProject
Project("{FAE04EC0-301F-11D3-BF4B-00C04F79EFBC}") = "Assembly-CSharp", "Assembly-CSharp.csproj", "{DDB405C4-D32D-9E14-5F83-B80D62879297}"
EndProject
Project("{FAE04EC0-301F-11D3-BF4B-00C04F79EFBC}") = "Oculus.Spatializer", "Oculus.Spatializer.csproj", "{3F097CD5-27E8-7391-5DF1-BB760DFD498A}"
EndProject
Project("{FAE04EC0-301F-11D3-BF4B-00C04F79EFBC}") = "Oculus.Interaction", "Oculus.Interaction.csproj", "{DADAE12F-29E7-F21A-EDE5-BAA2603420B7}"
EndProject
Project("{FAE04EC0-301F-11D3-BF4B-00C04F79EFBC}") = "Oculus.VR", "Oculus.VR.csproj", "{C908BD91-4C6B-65D5-13FC-A9A19CD9DD3C}"
EndProject
Project("{FAE04EC0-301F-11D3-BF4B-00C04F79EFBC}") = "Oculus.Interaction.Samples", "Oculus.Interaction.Samples.csproj", "{D45BD30D-4504-C849-6320-C2D584652D46}"
EndProject
Project("{FAE04EC0-301F-11D3-BF4B-00C04F79EFBC}") = "Facebook.WitAI", "Facebook.WitAI.csproj", "{1B705B10-D68E-F1E7-30DA-1B5158CD1421}"
EndProject
Project("{FAE04EC0-301F-11D3-BF4B-00C04F79EFBC}") = "Oculus.AudioManager", "Oculus.AudioManager.csproj", "{86C10D82-7F49-F01A-6D14-288E8E191724}"
EndProject
Project("{FAE04EC0-301F-11D3-BF4B-00C04F79EFBC}") = "VoiceSDK.Runtime", "VoiceSDK.Runtime.csproj", "{A7D7F0A5-63CF-161E-4BFD-ACEFB478D9D0}"
EndProject
Project("{FAE04EC0-301F-11D3-BF4B-00C04F79EFBC}") = "AssistantCoreSDKRuntime", "AssistantCoreSDKRuntime.csproj", "{3DCBCB11-B6BC-C609-C97A-127F6D621CD8}"
EndProject
Project("{FAE04EC0-301F-11D3-BF4B-00C04F79EFBC}") = "Runtime", "Runtime.csproj", "{09C26884-AA0C-82FB-B61F-9F5A8AC58A0A}"
EndProject
Project("{FAE04EC0-301F-11D3-BF4B-00C04F79EFBC}") = "Oculus.LipSync", "Oculus.LipSync.csproj", "{236AC89A-C858-C41A-6158-292F7AD0CBD6}"
EndProject
Project("{FAE04EC0-301F-11D3-BF4B-00C04F79EFBC}") = "Oculus.Interaction.Editor", "Oculus.Interaction.Editor.csproj", "{DC2B701D-71D7-DA61-13F3-A9AD5EC3A19C}"
EndProject
Project("{FAE04EC0-301F-11D3-BF4B-00C04F79EFBC}") = "Facebook.Wit.Editor", "Facebook.Wit.Editor.csproj", "{066532C3-D6BE-6F8F-4140-7F8E74D04166}"
EndProject
Project("{FAE04EC0-301F-11D3-BF4B-00C04F79EFBC}") = "Oculus.Spatializer.Editor", "Oculus.Spatializer.Editor.csproj", "{CCE1A88B-D5C0-0277-1446-AD25BC007A9D}"
EndProject
Project("{FAE04EC0-301F-11D3-BF4B-00C04F79EFBC}") = "Assembly-CSharp-Editor", "Assembly-CSharp-Editor.csproj", "{63D3BC9C-5180-D7A3-A5B8-347B831FD5DF}"
EndProject
Project("{FAE04EC0-301F-11D3-BF4B-00C04F79EFBC}") = "Oculus.VR.Editor", "Oculus.VR.Editor.csproj", "{4EBCDE73-1492-4FC5-CAEC-93E2BA16544F}"
EndProject
Project("{FAE04EC0-301F-11D3-BF4B-00C04F79EFBC}") = "VoiceSDK.Editor", "VoiceSDK.Editor.csproj", "{8F5D3D90-BDBC-CEAC-5C21-33C96815E8B5}"
EndProject
Project("{FAE04EC0-301F-11D3-BF4B-00C04F79EFBC}") = "Oculus.Platform.Editor", "Oculus.Platform.Editor.csproj", "{D79A8870-AEB0-493E-81A1-EB9641632268}"
EndProject
Project("{FAE04EC0-301F-11D3-BF4B-00C04F79EFBC}") = "Oculus.AudioManager.Audio.Editor", "Oculus.AudioManager.Audio.Editor.csproj", "{B02A1135-2454-6D4A-88EF-8017A8984F1F}"
EndProject
Project("{FAE04EC0-301F-11D3-BF4B-00C04F79EFBC}") = "Oculus.Interaction.InterfaceSupport", "Oculus.Interaction.InterfaceSupport.csproj", "{6DE7557F-3B4F-03AE-CE5D-AB0E2ECCA1C0}"
EndProject
Project("{FAE04EC0-301F-11D3-BF4B-00C04F79EFBC}") = "Oculus.VR.Scripts.Editor", "Oculus.VR.Scripts.Editor.csproj", "{EF5321FA-D5F9-1525-0DF9-E23658479704}"
EndProject
Project("{FAE04EC0-301F-11D3-BF4B-00C04F79EFBC}") = "Oculus.LipSync.Editor", "Oculus.LipSync.Editor.csproj", "{8AD5F7F5-9B1F-9812-2788-2A4E3FD0E49D}"
EndProject
Project("{FAE04EC0-301F-11D3-BF4B-00C04F79EFBC}") = "AssistantCoreSDKEditor", "AssistantCoreSDKEditor.csproj", "{C5306313-5EDD-318E-C897-DAC4C9EABF55}"
EndProject
Project("{FAE04EC0-301F-11D3-BF4B-00C04F79EFBC}") = "Oculus.AudioManager.Utils.Editor", "Oculus.AudioManager.Utils.Editor.csproj", "{B21758AA-1217-D4B6-C6CA-297059E2BF86}"
EndProject
Global
	GlobalSection(SolutionConfigurationPlatforms) = preSolution
		Debug|Any CPU = Debug|Any CPU
		Release|Any CPU = Release|Any CPU
	EndGlobalSection
	GlobalSection(ProjectConfigurationPlatforms) = postSolution
		{C332614B-197D-C086-142A-DFAC351837CC}.Debug|Any CPU.ActiveCfg = Debug|Any CPU
		{C332614B-197D-C086-142A-DFAC351837CC}.Debug|Any CPU.Build.0 = Debug|Any CPU
		{C332614B-197D-C086-142A-DFAC351837CC}.Release|Any CPU.ActiveCfg = Release|Any CPU
		{C332614B-197D-C086-142A-DFAC351837CC}.Release|Any CPU.Build.0 = Release|Any CPU
		{DDB405C4-D32D-9E14-5F83-B80D62879297}.Debug|Any CPU.ActiveCfg = Debug|Any CPU
		{DDB405C4-D32D-9E14-5F83-B80D62879297}.Debug|Any CPU.Build.0 = Debug|Any CPU
		{DDB405C4-D32D-9E14-5F83-B80D62879297}.Release|Any CPU.ActiveCfg = Release|Any CPU
		{DDB405C4-D32D-9E14-5F83-B80D62879297}.Release|Any CPU.Build.0 = Release|Any CPU
		{3F097CD5-27E8-7391-5DF1-BB760DFD498A}.Debug|Any CPU.ActiveCfg = Debug|Any CPU
		{3F097CD5-27E8-7391-5DF1-BB760DFD498A}.Debug|Any CPU.Build.0 = Debug|Any CPU
		{3F097CD5-27E8-7391-5DF1-BB760DFD498A}.Release|Any CPU.ActiveCfg = Release|Any CPU
		{3F097CD5-27E8-7391-5DF1-BB760DFD498A}.Release|Any CPU.Build.0 = Release|Any CPU
		{DADAE12F-29E7-F21A-EDE5-BAA2603420B7}.Debug|Any CPU.ActiveCfg = Debug|Any CPU
		{DADAE12F-29E7-F21A-EDE5-BAA2603420B7}.Debug|Any CPU.Build.0 = Debug|Any CPU
		{DADAE12F-29E7-F21A-EDE5-BAA2603420B7}.Release|Any CPU.ActiveCfg = Release|Any CPU
		{DADAE12F-29E7-F21A-EDE5-BAA2603420B7}.Release|Any CPU.Build.0 = Release|Any CPU
		{C908BD91-4C6B-65D5-13FC-A9A19CD9DD3C}.Debug|Any CPU.ActiveCfg = Debug|Any CPU
		{C908BD91-4C6B-65D5-13FC-A9A19CD9DD3C}.Debug|Any CPU.Build.0 = Debug|Any CPU
		{C908BD91-4C6B-65D5-13FC-A9A19CD9DD3C}.Release|Any CPU.ActiveCfg = Release|Any CPU
		{C908BD91-4C6B-65D5-13FC-A9A19CD9DD3C}.Release|Any CPU.Build.0 = Release|Any CPU
		{D45BD30D-4504-C849-6320-C2D584652D46}.Debug|Any CPU.ActiveCfg = Debug|Any CPU
		{D45BD30D-4504-C849-6320-C2D584652D46}.Debug|Any CPU.Build.0 = Debug|Any CPU
		{D45BD30D-4504-C849-6320-C2D584652D46}.Release|Any CPU.ActiveCfg = Release|Any CPU
		{D45BD30D-4504-C849-6320-C2D584652D46}.Release|Any CPU.Build.0 = Release|Any CPU
		{1B705B10-D68E-F1E7-30DA-1B5158CD1421}.Debug|Any CPU.ActiveCfg = Debug|Any CPU
		{1B705B10-D68E-F1E7-30DA-1B5158CD1421}.Debug|Any CPU.Build.0 = Debug|Any CPU
		{1B705B10-D68E-F1E7-30DA-1B5158CD1421}.Release|Any CPU.ActiveCfg = Release|Any CPU
		{1B705B10-D68E-F1E7-30DA-1B5158CD1421}.Release|Any CPU.Build.0 = Release|Any CPU
		{86C10D82-7F49-F01A-6D14-288E8E191724}.Debug|Any CPU.ActiveCfg = Debug|Any CPU
		{86C10D82-7F49-F01A-6D14-288E8E191724}.Debug|Any CPU.Build.0 = Debug|Any CPU
		{86C10D82-7F49-F01A-6D14-288E8E191724}.Release|Any CPU.ActiveCfg = Release|Any CPU
		{86C10D82-7F49-F01A-6D14-288E8E191724}.Release|Any CPU.Build.0 = Release|Any CPU
		{A7D7F0A5-63CF-161E-4BFD-ACEFB478D9D0}.Debug|Any CPU.ActiveCfg = Debug|Any CPU
		{A7D7F0A5-63CF-161E-4BFD-ACEFB478D9D0}.Debug|Any CPU.Build.0 = Debug|Any CPU
		{A7D7F0A5-63CF-161E-4BFD-ACEFB478D9D0}.Release|Any CPU.ActiveCfg = Release|Any CPU
		{A7D7F0A5-63CF-161E-4BFD-ACEFB478D9D0}.Release|Any CPU.Build.0 = Release|Any CPU
		{3DCBCB11-B6BC-C609-C97A-127F6D621CD8}.Debug|Any CPU.ActiveCfg = Debug|Any CPU
		{3DCBCB11-B6BC-C609-C97A-127F6D621CD8}.Debug|Any CPU.Build.0 = Debug|Any CPU
		{3DCBCB11-B6BC-C609-C97A-127F6D621CD8}.Release|Any CPU.ActiveCfg = Release|Any CPU
		{3DCBCB11-B6BC-C609-C97A-127F6D621CD8}.Release|Any CPU.Build.0 = Release|Any CPU
		{09C26884-AA0C-82FB-B61F-9F5A8AC58A0A}.Debug|Any CPU.ActiveCfg = Debug|Any CPU
		{09C26884-AA0C-82FB-B61F-9F5A8AC58A0A}.Debug|Any CPU.Build.0 = Debug|Any CPU
		{09C26884-AA0C-82FB-B61F-9F5A8AC58A0A}.Release|Any CPU.ActiveCfg = Release|Any CPU
		{09C26884-AA0C-82FB-B61F-9F5A8AC58A0A}.Release|Any CPU.Build.0 = Release|Any CPU
		{236AC89A-C858-C41A-6158-292F7AD0CBD6}.Debug|Any CPU.ActiveCfg = Debug|Any CPU
		{236AC89A-C858-C41A-6158-292F7AD0CBD6}.Debug|Any CPU.Build.0 = Debug|Any CPU
		{236AC89A-C858-C41A-6158-292F7AD0CBD6}.Release|Any CPU.ActiveCfg = Release|Any CPU
		{236AC89A-C858-C41A-6158-292F7AD0CBD6}.Release|Any CPU.Build.0 = Release|Any CPU
		{DC2B701D-71D7-DA61-13F3-A9AD5EC3A19C}.Debug|Any CPU.ActiveCfg = Debug|Any CPU
		{DC2B701D-71D7-DA61-13F3-A9AD5EC3A19C}.Debug|Any CPU.Build.0 = Debug|Any CPU
		{DC2B701D-71D7-DA61-13F3-A9AD5EC3A19C}.Release|Any CPU.ActiveCfg = Release|Any CPU
		{DC2B701D-71D7-DA61-13F3-A9AD5EC3A19C}.Release|Any CPU.Build.0 = Release|Any CPU
		{066532C3-D6BE-6F8F-4140-7F8E74D04166}.Debug|Any CPU.ActiveCfg = Debug|Any CPU
		{066532C3-D6BE-6F8F-4140-7F8E74D04166}.Debug|Any CPU.Build.0 = Debug|Any CPU
		{066532C3-D6BE-6F8F-4140-7F8E74D04166}.Release|Any CPU.ActiveCfg = Release|Any CPU
		{066532C3-D6BE-6F8F-4140-7F8E74D04166}.Release|Any CPU.Build.0 = Release|Any CPU
		{CCE1A88B-D5C0-0277-1446-AD25BC007A9D}.Debug|Any CPU.ActiveCfg = Debug|Any CPU
		{CCE1A88B-D5C0-0277-1446-AD25BC007A9D}.Debug|Any CPU.Build.0 = Debug|Any CPU
		{CCE1A88B-D5C0-0277-1446-AD25BC007A9D}.Release|Any CPU.ActiveCfg = Release|Any CPU
		{CCE1A88B-D5C0-0277-1446-AD25BC007A9D}.Release|Any CPU.Build.0 = Release|Any CPU
		{63D3BC9C-5180-D7A3-A5B8-347B831FD5DF}.Debug|Any CPU.ActiveCfg = Debug|Any CPU
		{63D3BC9C-5180-D7A3-A5B8-347B831FD5DF}.Debug|Any CPU.Build.0 = Debug|Any CPU
		{63D3BC9C-5180-D7A3-A5B8-347B831FD5DF}.Release|Any CPU.ActiveCfg = Release|Any CPU
		{63D3BC9C-5180-D7A3-A5B8-347B831FD5DF}.Release|Any CPU.Build.0 = Release|Any CPU
		{4EBCDE73-1492-4FC5-CAEC-93E2BA16544F}.Debug|Any CPU.ActiveCfg = Debug|Any CPU
		{4EBCDE73-1492-4FC5-CAEC-93E2BA16544F}.Debug|Any CPU.Build.0 = Debug|Any CPU
		{4EBCDE73-1492-4FC5-CAEC-93E2BA16544F}.Release|Any CPU.ActiveCfg = Release|Any CPU
		{4EBCDE73-1492-4FC5-CAEC-93E2BA16544F}.Release|Any CPU.Build.0 = Release|Any CPU
		{8F5D3D90-BDBC-CEAC-5C21-33C96815E8B5}.Debug|Any CPU.ActiveCfg = Debug|Any CPU
		{8F5D3D90-BDBC-CEAC-5C21-33C96815E8B5}.Debug|Any CPU.Build.0 = Debug|Any CPU
		{8F5D3D90-BDBC-CEAC-5C21-33C96815E8B5}.Release|Any CPU.ActiveCfg = Release|Any CPU
		{8F5D3D90-BDBC-CEAC-5C21-33C96815E8B5}.Release|Any CPU.Build.0 = Release|Any CPU
		{D79A8870-AEB0-493E-81A1-EB9641632268}.Debug|Any CPU.ActiveCfg = Debug|Any CPU
		{D79A8870-AEB0-493E-81A1-EB9641632268}.Debug|Any CPU.Build.0 = Debug|Any CPU
		{D79A8870-AEB0-493E-81A1-EB9641632268}.Release|Any CPU.ActiveCfg = Release|Any CPU
		{D79A8870-AEB0-493E-81A1-EB9641632268}.Release|Any CPU.Build.0 = Release|Any CPU
		{B02A1135-2454-6D4A-88EF-8017A8984F1F}.Debug|Any CPU.ActiveCfg = Debug|Any CPU
		{B02A1135-2454-6D4A-88EF-8017A8984F1F}.Debug|Any CPU.Build.0 = Debug|Any CPU
		{B02A1135-2454-6D4A-88EF-8017A8984F1F}.Release|Any CPU.ActiveCfg = Release|Any CPU
		{B02A1135-2454-6D4A-88EF-8017A8984F1F}.Release|Any CPU.Build.0 = Release|Any CPU
		{6DE7557F-3B4F-03AE-CE5D-AB0E2ECCA1C0}.Debug|Any CPU.ActiveCfg = Debug|Any CPU
		{6DE7557F-3B4F-03AE-CE5D-AB0E2ECCA1C0}.Debug|Any CPU.Build.0 = Debug|Any CPU
		{6DE7557F-3B4F-03AE-CE5D-AB0E2ECCA1C0}.Release|Any CPU.ActiveCfg = Release|Any CPU
		{6DE7557F-3B4F-03AE-CE5D-AB0E2ECCA1C0}.Release|Any CPU.Build.0 = Release|Any CPU
		{EF5321FA-D5F9-1525-0DF9-E23658479704}.Debug|Any CPU.ActiveCfg = Debug|Any CPU
		{EF5321FA-D5F9-1525-0DF9-E23658479704}.Debug|Any CPU.Build.0 = Debug|Any CPU
		{EF5321FA-D5F9-1525-0DF9-E23658479704}.Release|Any CPU.ActiveCfg = Release|Any CPU
		{EF5321FA-D5F9-1525-0DF9-E23658479704}.Release|Any CPU.Build.0 = Release|Any CPU
		{8AD5F7F5-9B1F-9812-2788-2A4E3FD0E49D}.Debug|Any CPU.ActiveCfg = Debug|Any CPU
		{8AD5F7F5-9B1F-9812-2788-2A4E3FD0E49D}.Debug|Any CPU.Build.0 = Debug|Any CPU
		{8AD5F7F5-9B1F-9812-2788-2A4E3FD0E49D}.Release|Any CPU.ActiveCfg = Release|Any CPU
		{8AD5F7F5-9B1F-9812-2788-2A4E3FD0E49D}.Release|Any CPU.Build.0 = Release|Any CPU
		{C5306313-5EDD-318E-C897-DAC4C9EABF55}.Debug|Any CPU.ActiveCfg = Debug|Any CPU
		{C5306313-5EDD-318E-C897-DAC4C9EABF55}.Debug|Any CPU.Build.0 = Debug|Any CPU
		{C5306313-5EDD-318E-C897-DAC4C9EABF55}.Release|Any CPU.ActiveCfg = Release|Any CPU
		{C5306313-5EDD-318E-C897-DAC4C9EABF55}.Release|Any CPU.Build.0 = Release|Any CPU
		{B21758AA-1217-D4B6-C6CA-297059E2BF86}.Debug|Any CPU.ActiveCfg = Debug|Any CPU
		{B21758AA-1217-D4B6-C6CA-297059E2BF86}.Debug|Any CPU.Build.0 = Debug|Any CPU
		{B21758AA-1217-D4B6-C6CA-297059E2BF86}.Release|Any CPU.ActiveCfg = Release|Any CPU
		{B21758AA-1217-D4B6-C6CA-297059E2BF86}.Release|Any CPU.Build.0 = Release|Any CPU
	EndGlobalSection
	GlobalSection(SolutionProperties) = preSolution
		HideSolutionNode = FALSE
	EndGlobalSection
EndGlobal
